// !$*UTF8*$!
{
	archiveVersion = 1;
	classes = {
	};
	objectVersion = 50;
	objects = {

/* Begin PBXBuildFile section */
		C27C79A822111F8B00F7ED8E /* AppDelegate.swift in Sources */ = {isa = PBXBuildFile; fileRef = C27C79A722111F8B00F7ED8E /* AppDelegate.swift */; };
		C27C79AA22111F8B00F7ED8E /* ViewController.swift in Sources */ = {isa = PBXBuildFile; fileRef = C27C79A922111F8B00F7ED8E /* ViewController.swift */; };
		C27C79AF22111F8D00F7ED8E /* Assets.xcassets in Resources */ = {isa = PBXBuildFile; fileRef = C27C79AE22111F8D00F7ED8E /* Assets.xcassets */; };
		C27C79B222111F8D00F7ED8E /* LaunchScreen.storyboard in Resources */ = {isa = PBXBuildFile; fileRef = C27C79B022111F8D00F7ED8E /* LaunchScreen.storyboard */; };
		C27C79BB2211205E00F7ED8E /* Endpoint.swift in Sources */ = {isa = PBXBuildFile; fileRef = C27C79BA2211205E00F7ED8E /* Endpoint.swift */; };
		C27C79BD2211206800F7ED8E /* Future.swift in Sources */ = {isa = PBXBuildFile; fileRef = C27C79BC2211206800F7ED8E /* Future.swift */; };
		C27C79BF2211207500F7ED8E /* Supporting+GIF.swift in Sources */ = {isa = PBXBuildFile; fileRef = C27C79BE2211207500F7ED8E /* Supporting+GIF.swift */; };
		C27C79C12211213900F7ED8E /* ViewController+Extension.swift in Sources */ = {isa = PBXBuildFile; fileRef = C27C79C02211213900F7ED8E /* ViewController+Extension.swift */; };
/* End PBXBuildFile section */

/* Begin PBXFileReference section */
		C27C79A422111F8B00F7ED8E /* RandomGIFStarter.app */ = {isa = PBXFileReference; explicitFileType = wrapper.application; includeInIndex = 0; path = RandomGIFStarter.app; sourceTree = BUILT_PRODUCTS_DIR; };
		C27C79A722111F8B00F7ED8E /* AppDelegate.swift */ = {isa = PBXFileReference; lastKnownFileType = sourcecode.swift; path = AppDelegate.swift; sourceTree = "<group>"; };
		C27C79A922111F8B00F7ED8E /* ViewController.swift */ = {isa = PBXFileReference; lastKnownFileType = sourcecode.swift; path = ViewController.swift; sourceTree = "<group>"; };
		C27C79AE22111F8D00F7ED8E /* Assets.xcassets */ = {isa = PBXFileReference; lastKnownFileType = folder.assetcatalog; path = Assets.xcassets; sourceTree = "<group>"; };
		C27C79B122111F8D00F7ED8E /* Base */ = {isa = PBXFileReference; lastKnownFileType = file.storyboard; name = Base; path = Base.lproj/LaunchScreen.storyboard; sourceTree = "<group>"; };
		C27C79B322111F8D00F7ED8E /* Info.plist */ = {isa = PBXFileReference; lastKnownFileType = text.plist.xml; path = Info.plist; sourceTree = "<group>"; };
		C27C79BA2211205E00F7ED8E /* Endpoint.swift */ = {isa = PBXFileReference; lastKnownFileType = sourcecode.swift; path = Endpoint.swift; sourceTree = "<group>"; };
		C27C79BC2211206800F7ED8E /* Future.swift */ = {isa = PBXFileReference; lastKnownFileType = sourcecode.swift; path = Future.swift; sourceTree = "<group>"; };
		C27C79BE2211207500F7ED8E /* Supporting+GIF.swift */ = {isa = PBXFileReference; lastKnownFileType = sourcecode.swift; path = "Supporting+GIF.swift"; sourceTree = "<group>"; };
		C27C79C02211213900F7ED8E /* ViewController+Extension.swift */ = {isa = PBXFileReference; lastKnownFileType = sourcecode.swift; path = "ViewController+Extension.swift"; sourceTree = "<group>"; };
/* End PBXFileReference section */

/* Begin PBXFrameworksBuildPhase section */
		C27C79A122111F8B00F7ED8E /* Frameworks */ = {
			isa = PBXFrameworksBuildPhase;
			buildActionMask = 2147483647;
			files = (
			);
			runOnlyForDeploymentPostprocessing = 0;
		};
/* End PBXFrameworksBuildPhase section */

/* Begin PBXGroup section */
		C27C799B22111F8B00F7ED8E = {
			isa = PBXGroup;
			children = (
				C27C79A622111F8B00F7ED8E /* RandomGIFStarter */,
				C27C79A522111F8B00F7ED8E /* Products */,
			);
			sourceTree = "<group>";
		};
		C27C79A522111F8B00F7ED8E /* Products */ = {
			isa = PBXGroup;
			children = (
				C27C79A422111F8B00F7ED8E /* RandomGIFStarter.app */,
			);
			name = Products;
			sourceTree = "<group>";
		};
		C27C79A622111F8B00F7ED8E /* RandomGIFStarter */ = {
			isa = PBXGroup;
			children = (
				C27C79A722111F8B00F7ED8E /* AppDelegate.swift */,
				C27C79A922111F8B00F7ED8E /* ViewController.swift */,
				C27C79C02211213900F7ED8E /* ViewController+Extension.swift */,
				C27C79B92211205000F7ED8E /* Supporting */,
				C27C79AE22111F8D00F7ED8E /* Assets.xcassets */,
				C27C79B022111F8D00F7ED8E /* LaunchScreen.storyboard */,
				C27C79B322111F8D00F7ED8E /* Info.plist */,
			);
			path = RandomGIFStarter;
			sourceTree = "<group>";
		};
		C27C79B92211205000F7ED8E /* Supporting */ = {
			isa = PBXGroup;
			children = (
				C27C79BA2211205E00F7ED8E /* Endpoint.swift */,
				C27C79BC2211206800F7ED8E /* Future.swift */,
				C27C79BE2211207500F7ED8E /* Supporting+GIF.swift */,
			);
			path = Supporting;
			sourceTree = "<group>";
		};
/* End PBXGroup section */

/* Begin PBXNativeTarget section */
		C27C79A322111F8B00F7ED8E /* RandomGIFStarter */ = {
			isa = PBXNativeTarget;
			buildConfigurationList = C27C79B622111F8D00F7ED8E /* Build configuration list for PBXNativeTarget "RandomGIFStarter" */;
			buildPhases = (
				C27C79A022111F8B00F7ED8E /* Sources */,
				C27C79A122111F8B00F7ED8E /* Frameworks */,
				C27C79A222111F8B00F7ED8E /* Resources */,
			);
			buildRules = (
			);
			dependencies = (
			);
			name = RandomGIFStarter;
			productName = RandomGIFStarter;
			productReference = C27C79A422111F8B00F7ED8E /* RandomGIFStarter.app */;
			productType = "com.apple.product-type.application";
		};
/* End PBXNativeTarget section */

/* Begin PBXProject section */
		C27C799C22111F8B00F7ED8E /* Project object */ = {
			isa = PBXProject;
			attributes = {
				LastSwiftUpdateCheck = 1010;
				LastUpgradeCheck = 1010;
				ORGANIZATIONNAME = "Kevin Chan";
				TargetAttributes = {
					C27C79A322111F8B00F7ED8E = {
						CreatedOnToolsVersion = 10.1;
					};
				};
			};
			buildConfigurationList = C27C799F22111F8B00F7ED8E /* Build configuration list for PBXProject "RandomGIFStarter" */;
			compatibilityVersion = "Xcode 9.3";
			developmentRegion = en;
			hasScannedForEncodings = 0;
			knownRegions = (
				en,
				Base,
			);
			mainGroup = C27C799B22111F8B00F7ED8E;
			productRefGroup = C27C79A522111F8B00F7ED8E /* Products */;
			projectDirPath = "";
			projectRoot = "";
			targets = (
				C27C79A322111F8B00F7ED8E /* RandomGIFStarter */,
			);
		};
/* End PBXProject section */

/* Begin PBXResourcesBuildPhase section */
		C27C79A222111F8B00F7ED8E /* Resources */ = {
			isa = PBXResourcesBuildPhase;
			buildActionMask = 2147483647;
			files = (
				C27C79B222111F8D00F7ED8E /* LaunchScreen.storyboard in Resources */,
				C27C79AF22111F8D00F7ED8E /* Assets.xcassets in Resources */,
			);
			runOnlyForDeploymentPostprocessing = 0;
		};
/* End PBXResourcesBuildPhase section */

/* Begin PBXSourcesBuildPhase section */
		C27C79A022111F8B00F7ED8E /* Sources */ = {
			isa = PBXSourcesBuildPhase;
			buildActionMask = 2147483647;
			files = (
				C27C79AA22111F8B00F7ED8E /* ViewController.swift in Sources */,
				C27C79BB2211205E00F7ED8E /* Endpoint.swift in Sources */,
				C27C79C12211213900F7ED8E /* ViewController+Extension.swift in Sources */,
				C27C79BD2211206800F7ED8E /* Future.swift in Sources */,
				C27C79A822111F8B00F7ED8E /* AppDelegate.swift in Sources */,
				C27C79BF2211207500F7ED8E /* Supporting+GIF.swift in Sources */,
			);
			runOnlyForDeploymentPostprocessing = 0;
		};
/* End PBXSourcesBuildPhase section */

/* Begin PBXVariantGroup section */
		C27C79B022111F8D00F7ED8E /* LaunchScreen.storyboard */ = {
			isa = PBXVariantGroup;
			children = (
				C27C79B122111F8D00F7ED8E /* Base */,
			);
			name = LaunchScreen.storyboard;
			sourceTree = "<group>";
		};
/* End PBXVariantGroup section */

/* Begin XCBuildConfiguration section */
		C27C79B422111F8D00F7ED8E /* Debug */ = {
			isa = XCBuildConfiguration;
			buildSettings = {
				ALWAYS_SEARCH_USER_PATHS = NO;
				CLANG_ANALYZER_NONNULL = YES;
				CLANG_ANALYZER_NUMBER_OBJECT_CONVERSION = YES_AGGRESSIVE;
				CLANG_CXX_LANGUAGE_STANDARD = "gnu++14";
				CLANG_CXX_LIBRARY = "libc++";
				CLANG_ENABLE_MODULES = YES;
				CLANG_ENABLE_OBJC_ARC = YES;
				CLANG_ENABLE_OBJC_WEAK = YES;
				CLANG_WARN_BLOCK_CAPTURE_AUTORELEASING = YES;
				CLANG_WARN_BOOL_CONVERSION = YES;
				CLANG_WARN_COMMA = YES;
				CLANG_WARN_CONSTANT_CONVERSION = YES;
				CLANG_WARN_DEPRECATED_OBJC_IMPLEMENTATIONS = YES;
				CLANG_WARN_DIRECT_OBJC_ISA_USAGE = YES_ERROR;
				CLANG_WARN_DOCUMENTATION_COMMENTS = YES;
				CLANG_WARN_EMPTY_BODY = YES;
				CLANG_WARN_ENUM_CONVERSION = YES;
				CLANG_WARN_INFINITE_RECURSION = YES;
				CLANG_WARN_INT_CONVERSION = YES;
				CLANG_WARN_NON_LITERAL_NULL_CONVERSION = YES;
				CLANG_WARN_OBJC_IMPLICIT_RETAIN_SELF = YES;
				CLANG_WARN_OBJC_LITERAL_CONVERSION = YES;
				CLANG_WARN_OBJC_ROOT_CLASS = YES_ERROR;
				CLANG_WARN_RANGE_LOOP_ANALYSIS = YES;
				CLANG_WARN_STRICT_PROTOTYPES = YES;
				CLANG_WARN_SUSPICIOUS_MOVE = YES;
				CLANG_WARN_UNGUARDED_AVAILABILITY = YES_AGGRESSIVE;
				CLANG_WARN_UNREACHABLE_CODE = YES;
				CLANG_WARN__DUPLICATE_METHOD_MATCH = YES;
				CODE_SIGN_IDENTITY = "iPhone Developer";
				COPY_PHASE_STRIP = NO;
				DEBUG_INFORMATION_FORMAT = dwarf;
				ENABLE_STRICT_OBJC_MSGSEND = YES;
				ENABLE_TESTABILITY = YES;
				GCC_C_LANGUAGE_STANDARD = gnu11;
				GCC_DYNAMIC_NO_PIC = NO;
				GCC_NO_COMMON_BLOCKS = YES;
				GCC_OPTIMIZATION_LEVEL = 0;
				GCC_PREPROCESSOR_DEFINITIONS = (
					"DEBUG=1",
					"$(inherited)",
				);
				GCC_WARN_64_TO_32_BIT_CONVERSION = YES;
				GCC_WARN_ABOUT_RETURN_TYPE = YES_ERROR;
				GCC_WARN_UNDECLARED_SELECTOR = YES;
				GCC_WARN_UNINITIALIZED_AUTOS = YES_AGGRESSIVE;
				GCC_WARN_UNUSED_FUNCTION = YES;
				GCC_WARN_UNUSED_VARIABLE = YES;
				IPHONEOS_DEPLOYMENT_TARGET = 12.1;
				MTL_ENABLE_DEBUG_INFO = INCLUDE_SOURCE;
				MTL_FAST_MATH = YES;
				ONLY_ACTIVE_ARCH = YES;
				SDKROOT = iphoneos;
				SWIFT_ACTIVE_COMPILATION_CONDITIONS = DEBUG;
				SWIFT_OPTIMIZATION_LEVEL = "-Onone";
			};
			name = Debug;
		};
		C27C79B522111F8D00F7ED8E /* Release */ = {
			isa = XCBuildConfiguration;
			buildSettings = {
				ALWAYS_SEARCH_USER_PATHS = NO;
				CLANG_ANALYZER_NONNULL = YES;
				CLANG_ANALYZER_NUMBER_OBJECT_CONVERSION = YES_AGGRESSIVE;
				CLANG_CXX_LANGUAGE_STANDARD = "gnu++14";
				CLANG_CXX_LIBRARY = "libc++";
				CLANG_ENABLE_MODULES = YES;
				CLANG_ENABLE_OBJC_ARC = YES;
				CLANG_ENABLE_OBJC_WEAK = YES;
				CLANG_WARN_BLOCK_CAPTURE_AUTORELEASING = YES;
				CLANG_WARN_BOOL_CONVERSION = YES;
				CLANG_WARN_COMMA = YES;
				CLANG_WARN_CONSTANT_CONVERSION = YES;
				CLANG_WARN_DEPRECATED_OBJC_IMPLEMENTATIONS = YES;
				CLANG_WARN_DIRECT_OBJC_ISA_USAGE = YES_ERROR;
				CLANG_WARN_DOCUMENTATION_COMMENTS = YES;
				CLANG_WARN_EMPTY_BODY = YES;
				CLANG_WARN_ENUM_CONVERSION = YES;
				CLANG_WARN_INFINITE_RECURSION = YES;
				CLANG_WARN_INT_CONVERSION = YES;
				CLANG_WARN_NON_LITERAL_NULL_CONVERSION = YES;
				CLANG_WARN_OBJC_IMPLICIT_RETAIN_SELF = YES;
				CLANG_WARN_OBJC_LITERAL_CONVERSION = YES;
				CLANG_WARN_OBJC_ROOT_CLASS = YES_ERROR;
				CLANG_WARN_RANGE_LOOP_ANALYSIS = YES;
				CLANG_WARN_STRICT_PROTOTYPES = YES;
				CLANG_WARN_SUSPICIOUS_MOVE = YES;
				CLANG_WARN_UNGUARDED_AVAILABILITY = YES_AGGRESSIVE;
				CLANG_WARN_UNREACHABLE_CODE = YES;
				CLANG_WARN__DUPLICATE_METHOD_MATCH = YES;
				CODE_SIGN_IDENTITY = "iPhone Developer";
				COPY_PHASE_STRIP = NO;
				DEBUG_INFORMATION_FORMAT = "dwarf-with-dsym";
				ENABLE_NS_ASSERTIONS = NO;
				ENABLE_STRICT_OBJC_MSGSEND = YES;
				GCC_C_LANGUAGE_STANDARD = gnu11;
				GCC_NO_COMMON_BLOCKS = YES;
				GCC_WARN_64_TO_32_BIT_CONVERSION = YES;
				GCC_WARN_ABOUT_RETURN_TYPE = YES_ERROR;
				GCC_WARN_UNDECLARED_SELECTOR = YES;
				GCC_WARN_UNINITIALIZED_AUTOS = YES_AGGRESSIVE;
				GCC_WARN_UNUSED_FUNCTION = YES;
				GCC_WARN_UNUSED_VARIABLE = YES;
				IPHONEOS_DEPLOYMENT_TARGET = 12.1;
				MTL_ENABLE_DEBUG_INFO = NO;
				MTL_FAST_MATH = YES;
				SDKROOT = iphoneos;
				SWIFT_COMPILATION_MODE = wholemodule;
				SWIFT_OPTIMIZATION_LEVEL = "-O";
				VALIDATE_PRODUCT = YES;
			};
			name = Release;
		};
		C27C79B722111F8D00F7ED8E /* Debug */ = {
			isa = XCBuildConfiguration;
			buildSettings = {
				ASSETCATALOG_COMPILER_APPICON_NAME = AppIcon;
				CODE_SIGN_STYLE = Automatic;
				INFOPLIST_FILE = RandomGIFStarter/Info.plist;
				LD_RUNPATH_SEARCH_PATHS = (
					"$(inherited)",
					"@executable_path/Frameworks",
				);
				PRODUCT_BUNDLE_IDENTIFIER = cornellappdev.RandomGIFStarter;
				PRODUCT_NAME = "$(TARGET_NAME)";
				SWIFT_VERSION = 4.2;
				TARGETED_DEVICE_FAMILY = "1,2";
			};
			name = Debug;
		};
		C27C79B822111F8D00F7ED8E /* Release */ = {
			isa = XCBuildConfiguration;
			buildSettings = {
				ASSETCATALOG_COMPILER_APPICON_NAME = AppIcon;
				CODE_SIGN_STYLE = Automatic;
				INFOPLIST_FILE = RandomGIFStarter/Info.plist;
				LD_RUNPATH_SEARCH_PATHS = (
					"$(inherited)",
					"@executable_path/Frameworks",
				);
				PRODUCT_BUNDLE_IDENTIFIER = cornellappdev.RandomGIFStarter;
				PRODUCT_NAME = "$(TARGET_NAME)";
				SWIFT_VERSION = 4.2;
				TARGETED_DEVICE_FAMILY = "1,2";
			};
			name = Release;
		};
/* End XCBuildConfiguration section */

/* Begin XCConfigurationList section */
		C27C799F22111F8B00F7ED8E /* Build configuration list for PBXProject "RandomGIFStarter" */ = {
			isa = XCConfigurationList;
			buildConfigurations = (
				C27C79B422111F8D00F7ED8E /* Debug */,
				C27C79B522111F8D00F7ED8E /* Release */,
			);
			defaultConfigurationIsVisible = 0;
			defaultConfigurationName = Release;
		};
		C27C79B622111F8D00F7ED8E /* Build configuration list for PBXNativeTarget "RandomGIFStarter" */ = {
			isa = XCConfigurationList;
			buildConfigurations = (
				C27C79B722111F8D00F7ED8E /* Debug */,
				C27C79B822111F8D00F7ED8E /* Release */,
			);
			defaultConfigurationIsVisible = 0;
			defaultConfigurationName = Release;
		};
/* End XCConfigurationList section */
	};
	rootObject = C27C799C22111F8B00F7ED8E /* Project object */;
}
