// !$*UTF8*$!
{
	archiveVersion = 1;
	classes = {
	};
	objectVersion = 50;
	objects = {

/* Begin PBXBuildFile section */
		C2AAADE0220E930300E0D373 /* AppDelegate.swift in Sources */ = {isa = PBXBuildFile; fileRef = C2AAADDF220E930300E0D373 /* AppDelegate.swift */; };
		C2AAADE2220E930300E0D373 /* ViewController.swift in Sources */ = {isa = PBXBuildFile; fileRef = C2AAADE1220E930300E0D373 /* ViewController.swift */; };
		C2AAADE7220E930500E0D373 /* Assets.xcassets in Resources */ = {isa = PBXBuildFile; fileRef = C2AAADE6220E930500E0D373 /* Assets.xcassets */; };
		C2AAADEA220E930500E0D373 /* LaunchScreen.storyboard in Resources */ = {isa = PBXBuildFile; fileRef = C2AAADE8220E930500E0D373 /* LaunchScreen.storyboard */; };
		C2AAADF3220E940B00E0D373 /* Endpoint.swift in Sources */ = {isa = PBXBuildFile; fileRef = C2AAADF2220E940B00E0D373 /* Endpoint.swift */; };
		C2AAADF5220E941000E0D373 /* Future.swift in Sources */ = {isa = PBXBuildFile; fileRef = C2AAADF4220E941000E0D373 /* Future.swift */; };
		C2AAADF7220E989000E0D373 /* Supporting+GIF.swift in Sources */ = {isa = PBXBuildFile; fileRef = C2AAADF6220E989000E0D373 /* Supporting+GIF.swift */; };
/* End PBXBuildFile section */

/* Begin PBXFileReference section */
		C2AAADDC220E930300E0D373 /* RandomGIF.app */ = {isa = PBXFileReference; explicitFileType = wrapper.application; includeInIndex = 0; path = RandomGIF.app; sourceTree = BUILT_PRODUCTS_DIR; };
		C2AAADDF220E930300E0D373 /* AppDelegate.swift */ = {isa = PBXFileReference; lastKnownFileType = sourcecode.swift; path = AppDelegate.swift; sourceTree = "<group>"; };
		C2AAADE1220E930300E0D373 /* ViewController.swift */ = {isa = PBXFileReference; lastKnownFileType = sourcecode.swift; path = ViewController.swift; sourceTree = "<group>"; };
		C2AAADE6220E930500E0D373 /* Assets.xcassets */ = {isa = PBXFileReference; lastKnownFileType = folder.assetcatalog; path = Assets.xcassets; sourceTree = "<group>"; };
		C2AAADE9220E930500E0D373 /* Base */ = {isa = PBXFileReference; lastKnownFileType = file.storyboard; name = Base; path = Base.lproj/LaunchScreen.storyboard; sourceTree = "<group>"; };
		C2AAADEB220E930500E0D373 /* Info.plist */ = {isa = PBXFileReference; lastKnownFileType = text.plist.xml; path = Info.plist; sourceTree = "<group>"; };
		C2AAADF2220E940B00E0D373 /* Endpoint.swift */ = {isa = PBXFileReference; lastKnownFileType = sourcecode.swift; path = Endpoint.swift; sourceTree = "<group>"; };
		C2AAADF4220E941000E0D373 /* Future.swift */ = {isa = PBXFileReference; lastKnownFileType = sourcecode.swift; path = Future.swift; sourceTree = "<group>"; };
		C2AAADF6220E989000E0D373 /* Supporting+GIF.swift */ = {isa = PBXFileReference; lastKnownFileType = sourcecode.swift; path = "Supporting+GIF.swift"; sourceTree = "<group>"; };
/* End PBXFileReference section */

/* Begin PBXFrameworksBuildPhase section */
		C2AAADD9220E930300E0D373 /* Frameworks */ = {
			isa = PBXFrameworksBuildPhase;
			buildActionMask = 2147483647;
			files = (
			);
			runOnlyForDeploymentPostprocessing = 0;
		};
/* End PBXFrameworksBuildPhase section */

/* Begin PBXGroup section */
		C2AAADD3220E930300E0D373 = {
			isa = PBXGroup;
			children = (
				C2AAADDE220E930300E0D373 /* RandomGIF */,
				C2AAADDD220E930300E0D373 /* Products */,
			);
			sourceTree = "<group>";
		};
		C2AAADDD220E930300E0D373 /* Products */ = {
			isa = PBXGroup;
			children = (
				C2AAADDC220E930300E0D373 /* RandomGIF.app */,
			);
			name = Products;
			sourceTree = "<group>";
		};
		C2AAADDE220E930300E0D373 /* RandomGIF */ = {
			isa = PBXGroup;
			children = (
				C2AAADDF220E930300E0D373 /* AppDelegate.swift */,
				C2AAADE1220E930300E0D373 /* ViewController.swift */,
				C2AAADF1220E93FB00E0D373 /* Supporting */,
				C2AAADE6220E930500E0D373 /* Assets.xcassets */,
				C2AAADE8220E930500E0D373 /* LaunchScreen.storyboard */,
				C2AAADEB220E930500E0D373 /* Info.plist */,
			);
			path = RandomGIF;
			sourceTree = "<group>";
		};
		C2AAADF1220E93FB00E0D373 /* Supporting */ = {
			isa = PBXGroup;
			children = (
				C2AAADF2220E940B00E0D373 /* Endpoint.swift */,
				C2AAADF4220E941000E0D373 /* Future.swift */,
				C2AAADF6220E989000E0D373 /* Supporting+GIF.swift */,
			);
			path = Supporting;
			sourceTree = "<group>";
		};
/* End PBXGroup section */

/* Begin PBXNativeTarget section */
		C2AAADDB220E930300E0D373 /* RandomGIF */ = {
			isa = PBXNativeTarget;
			buildConfigurationList = C2AAADEE220E930500E0D373 /* Build configuration list for PBXNativeTarget "RandomGIF" */;
			buildPhases = (
				C2AAADD8220E930300E0D373 /* Sources */,
				C2AAADD9220E930300E0D373 /* Frameworks */,
				C2AAADDA220E930300E0D373 /* Resources */,
			);
			buildRules = (
			);
			dependencies = (
			);
			name = RandomGIF;
			productName = RandomGIF;
			productReference = C2AAADDC220E930300E0D373 /* RandomGIF.app */;
			productType = "com.apple.product-type.application";
		};
/* End PBXNativeTarget section */

/* Begin PBXProject section */
		C2AAADD4220E930300E0D373 /* Project object */ = {
			isa = PBXProject;
			attributes = {
				LastSwiftUpdateCheck = 1010;
				LastUpgradeCheck = 1010;
				ORGANIZATIONNAME = "Kevin Chan";
				TargetAttributes = {
					C2AAADDB220E930300E0D373 = {
						CreatedOnToolsVersion = 10.1;
					};
				};
			};
			buildConfigurationList = C2AAADD7220E930300E0D373 /* Build configuration list for PBXProject "RandomGIF" */;
			compatibilityVersion = "Xcode 9.3";
			developmentRegion = en;
			hasScannedForEncodings = 0;
			knownRegions = (
				en,
				Base,
			);
			mainGroup = C2AAADD3220E930300E0D373;
			productRefGroup = C2AAADDD220E930300E0D373 /* Products */;
			projectDirPath = "";
			projectRoot = "";
			targets = (
				C2AAADDB220E930300E0D373 /* RandomGIF */,
			);
		};
/* End PBXProject section */

/* Begin PBXResourcesBuildPhase section */
		C2AAADDA220E930300E0D373 /* Resources */ = {
			isa = PBXResourcesBuildPhase;
			buildActionMask = 2147483647;
			files = (
				C2AAADEA220E930500E0D373 /* LaunchScreen.storyboard in Resources */,
				C2AAADE7220E930500E0D373 /* Assets.xcassets in Resources */,
			);
			runOnlyForDeploymentPostprocessing = 0;
		};
/* End PBXResourcesBuildPhase section */

/* Begin PBXSourcesBuildPhase section */
		C2AAADD8220E930300E0D373 /* Sources */ = {
			isa = PBXSourcesBuildPhase;
			buildActionMask = 2147483647;
			files = (
				C2AAADF7220E989000E0D373 /* Supporting+GIF.swift in Sources */,
				C2AAADE2220E930300E0D373 /* ViewController.swift in Sources */,
				C2AAADF3220E940B00E0D373 /* Endpoint.swift in Sources */,
				C2AAADF5220E941000E0D373 /* Future.swift in Sources */,
				C2AAADE0220E930300E0D373 /* AppDelegate.swift in Sources */,
			);
			runOnlyForDeploymentPostprocessing = 0;
		};
/* End PBXSourcesBuildPhase section */

/* Begin PBXVariantGroup section */
		C2AAADE8220E930500E0D373 /* LaunchScreen.storyboard */ = {
			isa = PBXVariantGroup;
			children = (
				C2AAADE9220E930500E0D373 /* Base */,
			);
			name = LaunchScreen.storyboard;
			sourceTree = "<group>";
		};
/* End PBXVariantGroup section */

/* Begin XCBuildConfiguration section */
		C2AAADEC220E930500E0D373 /* Debug */ = {
			isa = XCBuildConfiguration;
			buildSettings = {
				ALWAYS_SEARCH_USER_PATHS = NO;
				CLANG_ANALYZER_NONNULL = YES;
				CLANG_ANALYZER_NUMBER_OBJECT_CONVERSION = YES_AGGRESSIVE;
				CLANG_CXX_LANGUAGE_STANDARD = "gnu++14";
				CLANG_CXX_LIBRARY = "libc++";
				CLANG_ENABLE_MODULES = YES;
				CLANG_ENABLE_OBJC_ARC = YES;
				CLANG_ENABLE_OBJC_WEAK = YES;
				CLANG_WARN_BLOCK_CAPTURE_AUTORELEASING = YES;
				CLANG_WARN_BOOL_CONVERSION = YES;
				CLANG_WARN_COMMA = YES;
				CLANG_WARN_CONSTANT_CONVERSION = YES;
				CLANG_WARN_DEPRECATED_OBJC_IMPLEMENTATIONS = YES;
				CLANG_WARN_DIRECT_OBJC_ISA_USAGE = YES_ERROR;
				CLANG_WARN_DOCUMENTATION_COMMENTS = YES;
				CLANG_WARN_EMPTY_BODY = YES;
				CLANG_WARN_ENUM_CONVERSION = YES;
				CLANG_WARN_INFINITE_RECURSION = YES;
				CLANG_WARN_INT_CONVERSION = YES;
				CLANG_WARN_NON_LITERAL_NULL_CONVERSION = YES;
				CLANG_WARN_OBJC_IMPLICIT_RETAIN_SELF = YES;
				CLANG_WARN_OBJC_LITERAL_CONVERSION = YES;
				CLANG_WARN_OBJC_ROOT_CLASS = YES_ERROR;
				CLANG_WARN_RANGE_LOOP_ANALYSIS = YES;
				CLANG_WARN_STRICT_PROTOTYPES = YES;
				CLANG_WARN_SUSPICIOUS_MOVE = YES;
				CLANG_WARN_UNGUARDED_AVAILABILITY = YES_AGGRESSIVE;
				CLANG_WARN_UNREACHABLE_CODE = YES;
				CLANG_WARN__DUPLICATE_METHOD_MATCH = YES;
				CODE_SIGN_IDENTITY = "iPhone Developer";
				COPY_PHASE_STRIP = NO;
				DEBUG_INFORMATION_FORMAT = dwarf;
				ENABLE_STRICT_OBJC_MSGSEND = YES;
				ENABLE_TESTABILITY = YES;
				GCC_C_LANGUAGE_STANDARD = gnu11;
				GCC_DYNAMIC_NO_PIC = NO;
				GCC_NO_COMMON_BLOCKS = YES;
				GCC_OPTIMIZATION_LEVEL = 0;
				GCC_PREPROCESSOR_DEFINITIONS = (
					"DEBUG=1",
					"$(inherited)",
				);
				GCC_WARN_64_TO_32_BIT_CONVERSION = YES;
				GCC_WARN_ABOUT_RETURN_TYPE = YES_ERROR;
				GCC_WARN_UNDECLARED_SELECTOR = YES;
				GCC_WARN_UNINITIALIZED_AUTOS = YES_AGGRESSIVE;
				GCC_WARN_UNUSED_FUNCTION = YES;
				GCC_WARN_UNUSED_VARIABLE = YES;
				IPHONEOS_DEPLOYMENT_TARGET = 12.1;
				MTL_ENABLE_DEBUG_INFO = INCLUDE_SOURCE;
				MTL_FAST_MATH = YES;
				ONLY_ACTIVE_ARCH = YES;
				SDKROOT = iphoneos;
				SWIFT_ACTIVE_COMPILATION_CONDITIONS = DEBUG;
				SWIFT_OPTIMIZATION_LEVEL = "-Onone";
			};
			name = Debug;
		};
		C2AAADED220E930500E0D373 /* Release */ = {
			isa = XCBuildConfiguration;
			buildSettings = {
				ALWAYS_SEARCH_USER_PATHS = NO;
				CLANG_ANALYZER_NONNULL = YES;
				CLANG_ANALYZER_NUMBER_OBJECT_CONVERSION = YES_AGGRESSIVE;
				CLANG_CXX_LANGUAGE_STANDARD = "gnu++14";
				CLANG_CXX_LIBRARY = "libc++";
				CLANG_ENABLE_MODULES = YES;
				CLANG_ENABLE_OBJC_ARC = YES;
				CLANG_ENABLE_OBJC_WEAK = YES;
				CLANG_WARN_BLOCK_CAPTURE_AUTORELEASING = YES;
				CLANG_WARN_BOOL_CONVERSION = YES;
				CLANG_WARN_COMMA = YES;
				CLANG_WARN_CONSTANT_CONVERSION = YES;
				CLANG_WARN_DEPRECATED_OBJC_IMPLEMENTATIONS = YES;
				CLANG_WARN_DIRECT_OBJC_ISA_USAGE = YES_ERROR;
				CLANG_WARN_DOCUMENTATION_COMMENTS = YES;
				CLANG_WARN_EMPTY_BODY = YES;
				CLANG_WARN_ENUM_CONVERSION = YES;
				CLANG_WARN_INFINITE_RECURSION = YES;
				CLANG_WARN_INT_CONVERSION = YES;
				CLANG_WARN_NON_LITERAL_NULL_CONVERSION = YES;
				CLANG_WARN_OBJC_IMPLICIT_RETAIN_SELF = YES;
				CLANG_WARN_OBJC_LITERAL_CONVERSION = YES;
				CLANG_WARN_OBJC_ROOT_CLASS = YES_ERROR;
				CLANG_WARN_RANGE_LOOP_ANALYSIS = YES;
				CLANG_WARN_STRICT_PROTOTYPES = YES;
				CLANG_WARN_SUSPICIOUS_MOVE = YES;
				CLANG_WARN_UNGUARDED_AVAILABILITY = YES_AGGRESSIVE;
				CLANG_WARN_UNREACHABLE_CODE = YES;
				CLANG_WARN__DUPLICATE_METHOD_MATCH = YES;
				CODE_SIGN_IDENTITY = "iPhone Developer";
				COPY_PHASE_STRIP = NO;
				DEBUG_INFORMATION_FORMAT = "dwarf-with-dsym";
				ENABLE_NS_ASSERTIONS = NO;
				ENABLE_STRICT_OBJC_MSGSEND = YES;
				GCC_C_LANGUAGE_STANDARD = gnu11;
				GCC_NO_COMMON_BLOCKS = YES;
				GCC_WARN_64_TO_32_BIT_CONVERSION = YES;
				GCC_WARN_ABOUT_RETURN_TYPE = YES_ERROR;
				GCC_WARN_UNDECLARED_SELECTOR = YES;
				GCC_WARN_UNINITIALIZED_AUTOS = YES_AGGRESSIVE;
				GCC_WARN_UNUSED_FUNCTION = YES;
				GCC_WARN_UNUSED_VARIABLE = YES;
				IPHONEOS_DEPLOYMENT_TARGET = 12.1;
				MTL_ENABLE_DEBUG_INFO = NO;
				MTL_FAST_MATH = YES;
				SDKROOT = iphoneos;
				SWIFT_COMPILATION_MODE = wholemodule;
				SWIFT_OPTIMIZATION_LEVEL = "-O";
				VALIDATE_PRODUCT = YES;
			};
			name = Release;
		};
		C2AAADEF220E930500E0D373 /* Debug */ = {
			isa = XCBuildConfiguration;
			buildSettings = {
				ASSETCATALOG_COMPILER_APPICON_NAME = AppIcon;
				CODE_SIGN_STYLE = Automatic;
				INFOPLIST_FILE = RandomGIF/Info.plist;
				LD_RUNPATH_SEARCH_PATHS = (
					"$(inherited)",
					"@executable_path/Frameworks",
				);
				PRODUCT_BUNDLE_IDENTIFIER = kevinchan.RandomGIF;
				PRODUCT_NAME = "$(TARGET_NAME)";
				SWIFT_VERSION = 4.2;
				TARGETED_DEVICE_FAMILY = "1,2";
			};
			name = Debug;
		};
		C2AAADF0220E930500E0D373 /* Release */ = {
			isa = XCBuildConfiguration;
			buildSettings = {
				ASSETCATALOG_COMPILER_APPICON_NAME = AppIcon;
				CODE_SIGN_STYLE = Automatic;
				INFOPLIST_FILE = RandomGIF/Info.plist;
				LD_RUNPATH_SEARCH_PATHS = (
					"$(inherited)",
					"@executable_path/Frameworks",
				);
				PRODUCT_BUNDLE_IDENTIFIER = kevinchan.RandomGIF;
				PRODUCT_NAME = "$(TARGET_NAME)";
				SWIFT_VERSION = 4.2;
				TARGETED_DEVICE_FAMILY = "1,2";
			};
			name = Release;
		};
/* End XCBuildConfiguration section */

/* Begin XCConfigurationList section */
		C2AAADD7220E930300E0D373 /* Build configuration list for PBXProject "RandomGIF" */ = {
			isa = XCConfigurationList;
			buildConfigurations = (
				C2AAADEC220E930500E0D373 /* Debug */,
				C2AAADED220E930500E0D373 /* Release */,
			);
			defaultConfigurationIsVisible = 0;
			defaultConfigurationName = Release;
		};
		C2AAADEE220E930500E0D373 /* Build configuration list for PBXNativeTarget "RandomGIF" */ = {
			isa = XCConfigurationList;
			buildConfigurations = (
				C2AAADEF220E930500E0D373 /* Debug */,
				C2AAADF0220E930500E0D373 /* Release */,
			);
			defaultConfigurationIsVisible = 0;
			defaultConfigurationName = Release;
		};
/* End XCConfigurationList section */
	};
	rootObject = C2AAADD4220E930300E0D373 /* Project object */;
}
